// !$*UTF8*$!
{
	archiveVersion = 1;
	classes = {
	};
	objectVersion = 50;
	objects = {

/* Begin PBXBuildFile section */
		43AB4DDF23C8CE0300857B14 /* AppDelegate.swift in Sources */ = {isa = PBXBuildFile; fileRef = 43AB4DDE23C8CE0300857B14 /* AppDelegate.swift */; };
		43AB4DE123C8CE0300857B14 /* SceneDelegate.swift in Sources */ = {isa = PBXBuildFile; fileRef = 43AB4DE023C8CE0300857B14 /* SceneDelegate.swift */; };
		43AB4DE323C8CE0300857B14 /* ContentView.swift in Sources */ = {isa = PBXBuildFile; fileRef = 43AB4DE223C8CE0300857B14 /* ContentView.swift */; };
		43AB4DE523C8CE0700857B14 /* Assets.xcassets in Resources */ = {isa = PBXBuildFile; fileRef = 43AB4DE423C8CE0700857B14 /* Assets.xcassets */; };
		43AB4DE823C8CE0700857B14 /* Preview Assets.xcassets in Resources */ = {isa = PBXBuildFile; fileRef = 43AB4DE723C8CE0700857B14 /* Preview Assets.xcassets */; };
		43AB4DEB23C8CE0700857B14 /* LaunchScreen.storyboard in Resources */ = {isa = PBXBuildFile; fileRef = 43AB4DE923C8CE0700857B14 /* LaunchScreen.storyboard */; };
/* End PBXBuildFile section */

/* Begin PBXFileReference section */
		43AB4DDB23C8CE0300857B14 /* last_hw.app */ = {isa = PBXFileReference; explicitFileType = wrapper.application; includeInIndex = 0; path = last_hw.app; sourceTree = BUILT_PRODUCTS_DIR; };
		43AB4DDE23C8CE0300857B14 /* AppDelegate.swift */ = {isa = PBXFileReference; lastKnownFileType = sourcecode.swift; path = AppDelegate.swift; sourceTree = "<group>"; };
		43AB4DE023C8CE0300857B14 /* SceneDelegate.swift */ = {isa = PBXFileReference; lastKnownFileType = sourcecode.swift; path = SceneDelegate.swift; sourceTree = "<group>"; };
		43AB4DE223C8CE0300857B14 /* ContentView.swift */ = {isa = PBXFileReference; lastKnownFileType = sourcecode.swift; path = ContentView.swift; sourceTree = "<group>"; };
		43AB4DE423C8CE0700857B14 /* Assets.xcassets */ = {isa = PBXFileReference; lastKnownFileType = folder.assetcatalog; path = Assets.xcassets; sourceTree = "<group>"; };
		43AB4DE723C8CE0700857B14 /* Preview Assets.xcassets */ = {isa = PBXFileReference; lastKnownFileType = folder.assetcatalog; path = "Preview Assets.xcassets"; sourceTree = "<group>"; };
		43AB4DEA23C8CE0700857B14 /* Base */ = {isa = PBXFileReference; lastKnownFileType = file.storyboard; name = Base; path = Base.lproj/LaunchScreen.storyboard; sourceTree = "<group>"; };
		43AB4DEC23C8CE0700857B14 /* Info.plist */ = {isa = PBXFileReference; lastKnownFileType = text.plist.xml; path = Info.plist; sourceTree = "<group>"; };
/* End PBXFileReference section */

/* Begin PBXFrameworksBuildPhase section */
		43AB4DD823C8CE0300857B14 /* Frameworks */ = {
			isa = PBXFrameworksBuildPhase;
			buildActionMask = 2147483647;
			files = (
			);
			runOnlyForDeploymentPostprocessing = 0;
		};
/* End PBXFrameworksBuildPhase section */

/* Begin PBXGroup section */
		43AB4DD223C8CE0300857B14 = {
			isa = PBXGroup;
			children = (
				43AB4DDD23C8CE0300857B14 /* last_hw */,
				43AB4DDC23C8CE0300857B14 /* Products */,
			);
			sourceTree = "<group>";
		};
		43AB4DDC23C8CE0300857B14 /* Products */ = {
			isa = PBXGroup;
			children = (
				43AB4DDB23C8CE0300857B14 /* last_hw.app */,
			);
			name = Products;
			sourceTree = "<group>";
		};
		43AB4DDD23C8CE0300857B14 /* last_hw */ = {
			isa = PBXGroup;
			children = (
				43AB4DDE23C8CE0300857B14 /* AppDelegate.swift */,
				43AB4DE023C8CE0300857B14 /* SceneDelegate.swift */,
				43AB4DE223C8CE0300857B14 /* ContentView.swift */,
				43AB4DE423C8CE0700857B14 /* Assets.xcassets */,
				43AB4DE923C8CE0700857B14 /* LaunchScreen.storyboard */,
				43AB4DEC23C8CE0700857B14 /* Info.plist */,
				43AB4DE623C8CE0700857B14 /* Preview Content */,
			);
			path = last_hw;
			sourceTree = "<group>";
		};
		43AB4DE623C8CE0700857B14 /* Preview Content */ = {
			isa = PBXGroup;
			children = (
				43AB4DE723C8CE0700857B14 /* Preview Assets.xcassets */,
			);
			path = "Preview Content";
			sourceTree = "<group>";
		};
/* End PBXGroup section */

/* Begin PBXNativeTarget section */
		43AB4DDA23C8CE0300857B14 /* last_hw */ = {
			isa = PBXNativeTarget;
			buildConfigurationList = 43AB4DEF23C8CE0700857B14 /* Build configuration list for PBXNativeTarget "last_hw" */;
			buildPhases = (
				43AB4DD723C8CE0300857B14 /* Sources */,
				43AB4DD823C8CE0300857B14 /* Frameworks */,
				43AB4DD923C8CE0300857B14 /* Resources */,
			);
			buildRules = (
			);
			dependencies = (
			);
			name = last_hw;
			productName = last_hw;
			productReference = 43AB4DDB23C8CE0300857B14 /* last_hw.app */;
			productType = "com.apple.product-type.application";
		};
/* End PBXNativeTarget section */

/* Begin PBXProject section */
		43AB4DD323C8CE0300857B14 /* Project object */ = {
			isa = PBXProject;
			attributes = {
				LastSwiftUpdateCheck = 1110;
				LastUpgradeCheck = 1110;
				ORGANIZATIONNAME = 19;
				TargetAttributes = {
					43AB4DDA23C8CE0300857B14 = {
						CreatedOnToolsVersion = 11.1;
					};
				};
			};
			buildConfigurationList = 43AB4DD623C8CE0300857B14 /* Build configuration list for PBXProject "last_hw" */;
			compatibilityVersion = "Xcode 9.3";
			developmentRegion = en;
			hasScannedForEncodings = 0;
			knownRegions = (
				en,
				Base,
			);
			mainGroup = 43AB4DD223C8CE0300857B14;
			productRefGroup = 43AB4DDC23C8CE0300857B14 /* Products */;
			projectDirPath = "";
			projectRoot = "";
			targets = (
				43AB4DDA23C8CE0300857B14 /* last_hw */,
			);
		};
/* End PBXProject section */

/* Begin PBXResourcesBuildPhase section */
		43AB4DD923C8CE0300857B14 /* Resources */ = {
			isa = PBXResourcesBuildPhase;
			buildActionMask = 2147483647;
			files = (
				43AB4DEB23C8CE0700857B14 /* LaunchScreen.storyboard in Resources */,
				43AB4DE823C8CE0700857B14 /* Preview Assets.xcassets in Resources */,
				43AB4DE523C8CE0700857B14 /* Assets.xcassets in Resources */,
			);
			runOnlyForDeploymentPostprocessing = 0;
		};
/* End PBXResourcesBuildPhase section */

/* Begin PBXSourcesBuildPhase section */
		43AB4DD723C8CE0300857B14 /* Sources */ = {
			isa = PBXSourcesBuildPhase;
			buildActionMask = 2147483647;
			files = (
				43AB4DDF23C8CE0300857B14 /* AppDelegate.swift in Sources */,
				43AB4DE123C8CE0300857B14 /* SceneDelegate.swift in Sources */,
				43AB4DE323C8CE0300857B14 /* ContentView.swift in Sources */,
			);
			runOnlyForDeploymentPostprocessing = 0;
		};
/* End PBXSourcesBuildPhase section */

/* Begin PBXVariantGroup section */
		43AB4DE923C8CE0700857B14 /* LaunchScreen.storyboard */ = {
			isa = PBXVariantGroup;
			children = (
				43AB4DEA23C8CE0700857B14 /* Base */,
			);
			name = LaunchScreen.storyboard;
			sourceTree = "<group>";
		};
/* End PBXVariantGroup section */

/* Begin XCBuildConfiguration section */
		43AB4DED23C8CE0700857B14 /* Debug */ = {
			isa = XCBuildConfiguration;
			buildSettings = {
				ALWAYS_SEARCH_USER_PATHS = NO;
				CLANG_ANALYZER_NONNULL = YES;
				CLANG_ANALYZER_NUMBER_OBJECT_CONVERSION = YES_AGGRESSIVE;
				CLANG_CXX_LANGUAGE_STANDARD = "gnu++14";
				CLANG_CXX_LIBRARY = "libc++";
				CLANG_ENABLE_MODULES = YES;
				CLANG_ENABLE_OBJC_ARC = YES;
				CLANG_ENABLE_OBJC_WEAK = YES;
				CLANG_WARN_BLOCK_CAPTURE_AUTORELEASING = YES;
				CLANG_WARN_BOOL_CONVERSION = YES;
				CLANG_WARN_COMMA = YES;
				CLANG_WARN_CONSTANT_CONVERSION = YES;
				CLANG_WARN_DEPRECATED_OBJC_IMPLEMENTATIONS = YES;
				CLANG_WARN_DIRECT_OBJC_ISA_USAGE = YES_ERROR;
				CLANG_WARN_DOCUMENTATION_COMMENTS = YES;
				CLANG_WARN_EMPTY_BODY = YES;
				CLANG_WARN_ENUM_CONVERSION = YES;
				CLANG_WARN_INFINITE_RECURSION = YES;
				CLANG_WARN_INT_CONVERSION = YES;
				CLANG_WARN_NON_LITERAL_NULL_CONVERSION = YES;
				CLANG_WARN_OBJC_IMPLICIT_RETAIN_SELF = YES;
				CLANG_WARN_OBJC_LITERAL_CONVERSION = YES;
				CLANG_WARN_OBJC_ROOT_CLASS = YES_ERROR;
				CLANG_WARN_RANGE_LOOP_ANALYSIS = YES;
				CLANG_WARN_STRICT_PROTOTYPES = YES;
				CLANG_WARN_SUSPICIOUS_MOVE = YES;
				CLANG_WARN_UNGUARDED_AVAILABILITY = YES_AGGRESSIVE;
				CLANG_WARN_UNREACHABLE_CODE = YES;
				CLANG_WARN__DUPLICATE_METHOD_MATCH = YES;
				COPY_PHASE_STRIP = NO;
				DEBUG_INFORMATION_FORMAT = dwarf;
				ENABLE_STRICT_OBJC_MSGSEND = YES;
				ENABLE_TESTABILITY = YES;
				GCC_C_LANGUAGE_STANDARD = gnu11;
				GCC_DYNAMIC_NO_PIC = NO;
				GCC_NO_COMMON_BLOCKS = YES;
				GCC_OPTIMIZATION_LEVEL = 0;
				GCC_PREPROCESSOR_DEFINITIONS = (
					"DEBUG=1",
					"$(inherited)",
				);
				GCC_WARN_64_TO_32_BIT_CONVERSION = YES;
				GCC_WARN_ABOUT_RETURN_TYPE = YES_ERROR;
				GCC_WARN_UNDECLARED_SELECTOR = YES;
				GCC_WARN_UNINITIALIZED_AUTOS = YES_AGGRESSIVE;
				GCC_WARN_UNUSED_FUNCTION = YES;
				GCC_WARN_UNUSED_VARIABLE = YES;
				IPHONEOS_DEPLOYMENT_TARGET = 13.1;
				MTL_ENABLE_DEBUG_INFO = INCLUDE_SOURCE;
				MTL_FAST_MATH = YES;
				ONLY_ACTIVE_ARCH = YES;
				SDKROOT = iphoneos;
				SWIFT_ACTIVE_COMPILATION_CONDITIONS = DEBUG;
				SWIFT_OPTIMIZATION_LEVEL = "-Onone";
			};
			name = Debug;
		};
		43AB4DEE23C8CE0700857B14 /* Release */ = {
			isa = XCBuildConfiguration;
			buildSettings = {
				ALWAYS_SEARCH_USER_PATHS = NO;
				CLANG_ANALYZER_NONNULL = YES;
				CLANG_ANALYZER_NUMBER_OBJECT_CONVERSION = YES_AGGRESSIVE;
				CLANG_CXX_LANGUAGE_STANDARD = "gnu++14";
				CLANG_CXX_LIBRARY = "libc++";
				CLANG_ENABLE_MODULES = YES;
				CLANG_ENABLE_OBJC_ARC = YES;
				CLANG_ENABLE_OBJC_WEAK = YES;
				CLANG_WARN_BLOCK_CAPTURE_AUTORELEASING = YES;
				CLANG_WARN_BOOL_CONVERSION = YES;
				CLANG_WARN_COMMA = YES;
				CLANG_WARN_CONSTANT_CONVERSION = YES;
				CLANG_WARN_DEPRECATED_OBJC_IMPLEMENTATIONS = YES;
				CLANG_WARN_DIRECT_OBJC_ISA_USAGE = YES_ERROR;
				CLANG_WARN_DOCUMENTATION_COMMENTS = YES;
				CLANG_WARN_EMPTY_BODY = YES;
				CLANG_WARN_ENUM_CONVERSION = YES;
				CLANG_WARN_INFINITE_RECURSION = YES;
				CLANG_WARN_INT_CONVERSION = YES;
				CLANG_WARN_NON_LITERAL_NULL_CONVERSION = YES;
				CLANG_WARN_OBJC_IMPLICIT_RETAIN_SELF = YES;
				CLANG_WARN_OBJC_LITERAL_CONVERSION = YES;
				CLANG_WARN_OBJC_ROOT_CLASS = YES_ERROR;
				CLANG_WARN_RANGE_LOOP_ANALYSIS = YES;
				CLANG_WARN_STRICT_PROTOTYPES = YES;
				CLANG_WARN_SUSPICIOUS_MOVE = YES;
				CLANG_WARN_UNGUARDED_AVAILABILITY = YES_AGGRESSIVE;
				CLANG_WARN_UNREACHABLE_CODE = YES;
				CLANG_WARN__DUPLICATE_METHOD_MATCH = YES;
				COPY_PHASE_STRIP = NO;
				DEBUG_INFORMATION_FORMAT = "dwarf-with-dsym";
				ENABLE_NS_ASSERTIONS = NO;
				ENABLE_STRICT_OBJC_MSGSEND = YES;
				GCC_C_LANGUAGE_STANDARD = gnu11;
				GCC_NO_COMMON_BLOCKS = YES;
				GCC_WARN_64_TO_32_BIT_CONVERSION = YES;
				GCC_WARN_ABOUT_RETURN_TYPE = YES_ERROR;
				GCC_WARN_UNDECLARED_SELECTOR = YES;
				GCC_WARN_UNINITIALIZED_AUTOS = YES_AGGRESSIVE;
				GCC_WARN_UNUSED_FUNCTION = YES;
				GCC_WARN_UNUSED_VARIABLE = YES;
				IPHONEOS_DEPLOYMENT_TARGET = 13.1;
				MTL_ENABLE_DEBUG_INFO = NO;
				MTL_FAST_MATH = YES;
				SDKROOT = iphoneos;
				SWIFT_COMPILATION_MODE = wholemodule;
				SWIFT_OPTIMIZATION_LEVEL = "-O";
				VALIDATE_PRODUCT = YES;
			};
			name = Release;
		};
		43AB4DF023C8CE0700857B14 /* Debug */ = {
			isa = XCBuildConfiguration;
			buildSettings = {
				ASSETCATALOG_COMPILER_APPICON_NAME = AppIcon;
				CODE_SIGN_STYLE = Automatic;
				DEVELOPMENT_ASSET_PATHS = "\"last_hw/Preview Content\"";
				ENABLE_PREVIEWS = YES;
				INFOPLIST_FILE = last_hw/Info.plist;
				LD_RUNPATH_SEARCH_PATHS = (
					"$(inherited)",
					"@executable_path/Frameworks",
				);
				PRODUCT_BUNDLE_IDENTIFIER = "-9.last-hw";
				PRODUCT_NAME = "$(TARGET_NAME)";
				SWIFT_VERSION = 5.0;
				TARGETED_DEVICE_FAMILY = "1,2";
			};
			name = Debug;
		};
		43AB4DF123C8CE0700857B14 /* Release */ = {
			isa = XCBuildConfiguration;
			buildSettings = {
				ASSETCATALOG_COMPILER_APPICON_NAME = AppIcon;
				CODE_SIGN_STYLE = Automatic;
				DEVELOPMENT_ASSET_PATHS = "\"last_hw/Preview Content\"";
				ENABLE_PREVIEWS = YES;
				INFOPLIST_FILE = last_hw/Info.plist;
				LD_RUNPATH_SEARCH_PATHS = (
					"$(inherited)",
					"@executable_path/Frameworks",
				);
				PRODUCT_BUNDLE_IDENTIFIER = "-9.last-hw";
				PRODUCT_NAME = "$(TARGET_NAME)";
				SWIFT_VERSION = 5.0;
				TARGETED_DEVICE_FAMILY = "1,2";
			};
			name = Release;
		};
/* End XCBuildConfiguration section */

/* Begin XCConfigurationList section */
		43AB4DD623C8CE0300857B14 /* Build configuration list for PBXProject "last_hw" */ = {
			isa = XCConfigurationList;
			buildConfigurations = (
				43AB4DED23C8CE0700857B14 /* Debug */,
				43AB4DEE23C8CE0700857B14 /* Release */,
			);
			defaultConfigurationIsVisible = 0;
			defaultConfigurationName = Release;
		};
		43AB4DEF23C8CE0700857B14 /* Build configuration list for PBXNativeTarget "last_hw" */ = {
			isa = XCConfigurationList;
			buildConfigurations = (
				43AB4DF023C8CE0700857B14 /* Debug */,
				43AB4DF123C8CE0700857B14 /* Release */,
			);
			defaultConfigurationIsVisible = 0;
			defaultConfigurationName = Release;
		};
/* End XCConfigurationList section */
	};
	rootObject = 43AB4DD323C8CE0300857B14 /* Project object */;
}
